
Microsoft Visual Studio Solution File, Format Version 12.00
# Visual Studio 15
VisualStudioVersion = 15.0.28307.1259
MinimumVisualStudioVersion = 10.0.40219.1
Project("{FAE04EC0-301F-11D3-BF4B-00C04F79EFBC}") = "SecurityEntity", "SecurityEntity\SecurityEntity.csproj", "{2F3C1675-A23C-4702-A96B-2678EC4F94A3}"
EndProject
Project("{FAE04EC0-301F-11D3-BF4B-00C04F79EFBC}") = "SecurityDAL", "SecurityDAL\SecurityDAL.csproj", "{115E2D16-CEE3-4E13-920A-AE344FBF1991}"
EndProject
Project("{FAE04EC0-301F-11D3-BF4B-00C04F79EFBC}") = "SecurityBLL", "SecurityBLL\SecurityBLL.csproj", "{252EC793-D85A-4191-8498-B3FEE69026AD}"
EndProject
Project("{FAE04EC0-301F-11D3-BF4B-00C04F79EFBC}") = "InventoryEntity", "InventoryEntity\InventoryEntity.csproj", "{56E9400C-AAE9-480A-B872-38EFDCE67EF7}"
EndProject
Project("{FAE04EC0-301F-11D3-BF4B-00C04F79EFBC}") = "InventoryDAL", "InventoryDAL\InventoryDAL.csproj", "{9991ACE3-B9A0-41EB-A474-603EB1ECC34A}"
EndProject
Project("{FAE04EC0-301F-11D3-BF4B-00C04F79EFBC}") = "InventoryBLL", "InventoryBLL\InventoryBLL.csproj", "{67FAC29A-24D8-4254-AEC3-417859C62CDF}"
EndProject
Project("{FAE04EC0-301F-11D3-BF4B-00C04F79EFBC}") = "PosEntity", "PosEntity\PosEntity.csproj", "{16AA6672-753C-4211-B00C-5BB24BE926C2}"
EndProject
Project("{FAE04EC0-301F-11D3-BF4B-00C04F79EFBC}") = "PosDAL", "PosDAL\PosDAL.csproj", "{1B9E46B8-6144-4149-BE52-DA93336D3E6D}"
EndProject
Project("{FAE04EC0-301F-11D3-BF4B-00C04F79EFBC}") = "PosBLL", "PosBLL\PosBLL.csproj", "{8980335D-30CC-4B3B-BEF8-D581F99A0A0F}"
EndProject
Project("{FAE04EC0-301F-11D3-BF4B-00C04F79EFBC}") = "DbExecutor", "DbExecutor\DbExecutor.csproj", "{68384375-9E97-4D6B-960B-CE3E7E7F9578}"
EndProject
Project("{FAE04EC0-301F-11D3-BF4B-00C04F79EFBC}") = "ReceivableEntity", "ReceivableEntity\ReceivableEntity.csproj", "{6A9E3DED-B4C0-4692-9B11-26C88854DB97}"
EndProject
Project("{FAE04EC0-301F-11D3-BF4B-00C04F79EFBC}") = "ReceivableDAL", "ReceivableDAL\ReceivableDAL.csproj", "{AB19FCEE-5F6F-4835-8E5C-02C47975510B}"
EndProject
Project("{FAE04EC0-301F-11D3-BF4B-00C04F79EFBC}") = "ReceivableBLL", "ReceivableBLL\ReceivableBLL.csproj", "{E35E1496-B4E3-47F3-B79C-039D5424C968}"
EndProject
Project("{FAE04EC0-301F-11D3-BF4B-00C04F79EFBC}") = "PayableEntity", "PayableEntity\PayableEntity.csproj", "{8363C450-665A-4EF4-9E07-33CAF527DEA1}"
EndProject
Project("{FAE04EC0-301F-11D3-BF4B-00C04F79EFBC}") = "PayableDAL", "PayableDAL\PayableDAL.csproj", "{FE36F1CD-80AB-4C02-8B66-0FE02680EFE3}"
EndProject
Project("{FAE04EC0-301F-11D3-BF4B-00C04F79EFBC}") = "PayableBLL", "PayableBLL\PayableBLL.csproj", "{80062071-7E13-4CC7-BDB3-8A67A91C55A0}"
EndProject
Project("{FAE04EC0-301F-11D3-BF4B-00C04F79EFBC}") = "HrAndPayrollEntity", "HrAndPayrollEntity\HrAndPayrollEntity.csproj", "{1A648926-5915-4402-AA3D-C07C461DEDB3}"
EndProject
Project("{FAE04EC0-301F-11D3-BF4B-00C04F79EFBC}") = "HrAndPayrollDAL", "HrAndPayrollDAL\HrAndPayrollDAL.csproj", "{B21F56E9-3CBF-43DA-8341-79453F68DF25}"
EndProject
Project("{FAE04EC0-301F-11D3-BF4B-00C04F79EFBC}") = "HrAndPayrollBLL", "HrAndPayrollBLL\HrAndPayrollBLL.csproj", "{64B4E388-93A1-44EC-BD92-689EA088B331}"
EndProject
Project("{FAE04EC0-301F-11D3-BF4B-00C04F79EFBC}") = "AccountsEntity", "AccountsEntity\AccountsEntity.csproj", "{6A78DD80-48A5-41D7-AFF2-09774CE03343}"
EndProject
Project("{FAE04EC0-301F-11D3-BF4B-00C04F79EFBC}") = "AccountsDAL", "AccountsDAL\AccountsDAL.csproj", "{4C3A0770-00D6-425D-98C4-57C72905E9F9}"
EndProject
Project("{FAE04EC0-301F-11D3-BF4B-00C04F79EFBC}") = "AccountsBLL", "AccountsBLL\AccountsBLL.csproj", "{75B9AD37-15C6-4D80-B24A-AAC5AEE05AD6}"
EndProject
Project("{FAE04EC0-301F-11D3-BF4B-00C04F79EFBC}") = "ExportEntity", "ExportEntity\ExportEntity.csproj", "{039EACB8-FEC4-4343-A03D-D235BF6EF998}"
EndProject
Project("{FAE04EC0-301F-11D3-BF4B-00C04F79EFBC}") = "ExportDAL", "ExportDAL\ExportDAL.csproj", "{95863109-E819-44D8-AF4A-460ABCA742DB}"
EndProject
Project("{FAE04EC0-301F-11D3-BF4B-00C04F79EFBC}") = "ExportBLL", "ExportBLL\ExportBLL.csproj", "{7CBFF209-F24F-4BF4-801A-B5FCEA49BA52}"
EndProject
Global
	GlobalSection(SolutionConfigurationPlatforms) = preSolution
		Debug|Any CPU = Debug|Any CPU
		Release|Any CPU = Release|Any CPU
	EndGlobalSection
	GlobalSection(ProjectConfigurationPlatforms) = postSolution
		{2F3C1675-A23C-4702-A96B-2678EC4F94A3}.Debug|Any CPU.ActiveCfg = Debug|Any CPU
		{2F3C1675-A23C-4702-A96B-2678EC4F94A3}.Debug|Any CPU.Build.0 = Debug|Any CPU
		{2F3C1675-A23C-4702-A96B-2678EC4F94A3}.Release|Any CPU.ActiveCfg = Release|Any CPU
		{2F3C1675-A23C-4702-A96B-2678EC4F94A3}.Release|Any CPU.Build.0 = Release|Any CPU
		{115E2D16-CEE3-4E13-920A-AE344FBF1991}.Debug|Any CPU.ActiveCfg = Debug|Any CPU
		{115E2D16-CEE3-4E13-920A-AE344FBF1991}.Debug|Any CPU.Build.0 = Debug|Any CPU
		{115E2D16-CEE3-4E13-920A-AE344FBF1991}.Release|Any CPU.ActiveCfg = Release|Any CPU
		{115E2D16-CEE3-4E13-920A-AE344FBF1991}.Release|Any CPU.Build.0 = Release|Any CPU
		{252EC793-D85A-4191-8498-B3FEE69026AD}.Debug|Any CPU.ActiveCfg = Debug|Any CPU
		{252EC793-D85A-4191-8498-B3FEE69026AD}.Debug|Any CPU.Build.0 = Debug|Any CPU
		{252EC793-D85A-4191-8498-B3FEE69026AD}.Release|Any CPU.ActiveCfg = Release|Any CPU
		{252EC793-D85A-4191-8498-B3FEE69026AD}.Release|Any CPU.Build.0 = Release|Any CPU
		{56E9400C-AAE9-480A-B872-38EFDCE67EF7}.Debug|Any CPU.ActiveCfg = Debug|Any CPU
		{56E9400C-AAE9-480A-B872-38EFDCE67EF7}.Debug|Any CPU.Build.0 = Debug|Any CPU
		{56E9400C-AAE9-480A-B872-38EFDCE67EF7}.Release|Any CPU.ActiveCfg = Release|Any CPU
		{56E9400C-AAE9-480A-B872-38EFDCE67EF7}.Release|Any CPU.Build.0 = Release|Any CPU
		{9991ACE3-B9A0-41EB-A474-603EB1ECC34A}.Debug|Any CPU.ActiveCfg = Debug|Any CPU
		{9991ACE3-B9A0-41EB-A474-603EB1ECC34A}.Debug|Any CPU.Build.0 = Debug|Any CPU
		{9991ACE3-B9A0-41EB-A474-603EB1ECC34A}.Release|Any CPU.ActiveCfg = Release|Any CPU
		{9991ACE3-B9A0-41EB-A474-603EB1ECC34A}.Release|Any CPU.Build.0 = Release|Any CPU
		{67FAC29A-24D8-4254-AEC3-417859C62CDF}.Debug|Any CPU.ActiveCfg = Debug|Any CPU
		{67FAC29A-24D8-4254-AEC3-417859C62CDF}.Debug|Any CPU.Build.0 = Debug|Any CPU
		{67FAC29A-24D8-4254-AEC3-417859C62CDF}.Release|Any CPU.ActiveCfg = Release|Any CPU
		{67FAC29A-24D8-4254-AEC3-417859C62CDF}.Release|Any CPU.Build.0 = Release|Any CPU
		{16AA6672-753C-4211-B00C-5BB24BE926C2}.Debug|Any CPU.ActiveCfg = Debug|Any CPU
		{16AA6672-753C-4211-B00C-5BB24BE926C2}.Debug|Any CPU.Build.0 = Debug|Any CPU
		{16AA6672-753C-4211-B00C-5BB24BE926C2}.Release|Any CPU.ActiveCfg = Release|Any CPU
		{16AA6672-753C-4211-B00C-5BB24BE926C2}.Release|Any CPU.Build.0 = Release|Any CPU
		{1B9E46B8-6144-4149-BE52-DA93336D3E6D}.Debug|Any CPU.ActiveCfg = Debug|Any CPU
		{1B9E46B8-6144-4149-BE52-DA93336D3E6D}.Debug|Any CPU.Build.0 = Debug|Any CPU
		{1B9E46B8-6144-4149-BE52-DA93336D3E6D}.Release|Any CPU.ActiveCfg = Release|Any CPU
		{1B9E46B8-6144-4149-BE52-DA93336D3E6D}.Release|Any CPU.Build.0 = Release|Any CPU
		{8980335D-30CC-4B3B-BEF8-D581F99A0A0F}.Debug|Any CPU.ActiveCfg = Debug|Any CPU
		{8980335D-30CC-4B3B-BEF8-D581F99A0A0F}.Debug|Any CPU.Build.0 = Debug|Any CPU
		{8980335D-30CC-4B3B-BEF8-D581F99A0A0F}.Release|Any CPU.ActiveCfg = Release|Any CPU
		{8980335D-30CC-4B3B-BEF8-D581F99A0A0F}.Release|Any CPU.Build.0 = Release|Any CPU
		{68384375-9E97-4D6B-960B-CE3E7E7F9578}.Debug|Any CPU.ActiveCfg = Debug|Any CPU
		{68384375-9E97-4D6B-960B-CE3E7E7F9578}.Debug|Any CPU.Build.0 = Debug|Any CPU
		{68384375-9E97-4D6B-960B-CE3E7E7F9578}.Release|Any CPU.ActiveCfg = Release|Any CPU
		{68384375-9E97-4D6B-960B-CE3E7E7F9578}.Release|Any CPU.Build.0 = Release|Any CPU
		{6A9E3DED-B4C0-4692-9B11-26C88854DB97}.Debug|Any CPU.ActiveCfg = Debug|Any CPU
		{6A9E3DED-B4C0-4692-9B11-26C88854DB97}.Debug|Any CPU.Build.0 = Debug|Any CPU
		{6A9E3DED-B4C0-4692-9B11-26C88854DB97}.Release|Any CPU.ActiveCfg = Release|Any CPU
		{6A9E3DED-B4C0-4692-9B11-26C88854DB97}.Release|Any CPU.Build.0 = Release|Any CPU
		{AB19FCEE-5F6F-4835-8E5C-02C47975510B}.Debug|Any CPU.ActiveCfg = Debug|Any CPU
		{AB19FCEE-5F6F-4835-8E5C-02C47975510B}.Debug|Any CPU.Build.0 = Debug|Any CPU
		{AB19FCEE-5F6F-4835-8E5C-02C47975510B}.Release|Any CPU.ActiveCfg = Release|Any CPU
		{AB19FCEE-5F6F-4835-8E5C-02C47975510B}.Release|Any CPU.Build.0 = Release|Any CPU
		{E35E1496-B4E3-47F3-B79C-039D5424C968}.Debug|Any CPU.ActiveCfg = Debug|Any CPU
		{E35E1496-B4E3-47F3-B79C-039D5424C968}.Debug|Any CPU.Build.0 = Debug|Any CPU
		{E35E1496-B4E3-47F3-B79C-039D5424C968}.Release|Any CPU.ActiveCfg = Release|Any CPU
		{E35E1496-B4E3-47F3-B79C-039D5424C968}.Release|Any CPU.Build.0 = Release|Any CPU
		{8363C450-665A-4EF4-9E07-33CAF527DEA1}.Debug|Any CPU.ActiveCfg = Debug|Any CPU
		{8363C450-665A-4EF4-9E07-33CAF527DEA1}.Debug|Any CPU.Build.0 = Debug|Any CPU
		{8363C450-665A-4EF4-9E07-33CAF527DEA1}.Release|Any CPU.ActiveCfg = Release|Any CPU
		{8363C450-665A-4EF4-9E07-33CAF527DEA1}.Release|Any CPU.Build.0 = Release|Any CPU
		{FE36F1CD-80AB-4C02-8B66-0FE02680EFE3}.Debug|Any CPU.ActiveCfg = Debug|Any CPU
		{FE36F1CD-80AB-4C02-8B66-0FE02680EFE3}.Debug|Any CPU.Build.0 = Debug|Any CPU
		{FE36F1CD-80AB-4C02-8B66-0FE02680EFE3}.Release|Any CPU.ActiveCfg = Release|Any CPU
		{FE36F1CD-80AB-4C02-8B66-0FE02680EFE3}.Release|Any CPU.Build.0 = Release|Any CPU
		{80062071-7E13-4CC7-BDB3-8A67A91C55A0}.Debug|Any CPU.ActiveCfg = Debug|Any CPU
		{80062071-7E13-4CC7-BDB3-8A67A91C55A0}.Debug|Any CPU.Build.0 = Debug|Any CPU
		{80062071-7E13-4CC7-BDB3-8A67A91C55A0}.Release|Any CPU.ActiveCfg = Release|Any CPU
		{80062071-7E13-4CC7-BDB3-8A67A91C55A0}.Release|Any CPU.Build.0 = Release|Any CPU
		{1A648926-5915-4402-AA3D-C07C461DEDB3}.Debug|Any CPU.ActiveCfg = Debug|Any CPU
		{1A648926-5915-4402-AA3D-C07C461DEDB3}.Debug|Any CPU.Build.0 = Debug|Any CPU
		{1A648926-5915-4402-AA3D-C07C461DEDB3}.Release|Any CPU.ActiveCfg = Release|Any CPU
		{1A648926-5915-4402-AA3D-C07C461DEDB3}.Release|Any CPU.Build.0 = Release|Any CPU
		{B21F56E9-3CBF-43DA-8341-79453F68DF25}.Debug|Any CPU.ActiveCfg = Debug|Any CPU
		{B21F56E9-3CBF-43DA-8341-79453F68DF25}.Debug|Any CPU.Build.0 = Debug|Any CPU
		{B21F56E9-3CBF-43DA-8341-79453F68DF25}.Release|Any CPU.ActiveCfg = Release|Any CPU
		{B21F56E9-3CBF-43DA-8341-79453F68DF25}.Release|Any CPU.Build.0 = Release|Any CPU
		{64B4E388-93A1-44EC-BD92-689EA088B331}.Debug|Any CPU.ActiveCfg = Debug|Any CPU
		{64B4E388-93A1-44EC-BD92-689EA088B331}.Debug|Any CPU.Build.0 = Debug|Any CPU
		{64B4E388-93A1-44EC-BD92-689EA088B331}.Release|Any CPU.ActiveCfg = Release|Any CPU
		{64B4E388-93A1-44EC-BD92-689EA088B331}.Release|Any CPU.Build.0 = Release|Any CPU
		{6A78DD80-48A5-41D7-AFF2-09774CE03343}.Debug|Any CPU.ActiveCfg = Debug|Any CPU
		{6A78DD80-48A5-41D7-AFF2-09774CE03343}.Debug|Any CPU.Build.0 = Debug|Any CPU
		{6A78DD80-48A5-41D7-AFF2-09774CE03343}.Release|Any CPU.ActiveCfg = Release|Any CPU
		{6A78DD80-48A5-41D7-AFF2-09774CE03343}.Release|Any CPU.Build.0 = Release|Any CPU
		{4C3A0770-00D6-425D-98C4-57C72905E9F9}.Debug|Any CPU.ActiveCfg = Debug|Any CPU
		{4C3A0770-00D6-425D-98C4-57C72905E9F9}.Debug|Any CPU.Build.0 = Debug|Any CPU
		{4C3A0770-00D6-425D-98C4-57C72905E9F9}.Release|Any CPU.ActiveCfg = Release|Any CPU
		{4C3A0770-00D6-425D-98C4-57C72905E9F9}.Release|Any CPU.Build.0 = Release|Any CPU
		{75B9AD37-15C6-4D80-B24A-AAC5AEE05AD6}.Debug|Any CPU.ActiveCfg = Debug|Any CPU
		{75B9AD37-15C6-4D80-B24A-AAC5AEE05AD6}.Debug|Any CPU.Build.0 = Debug|Any CPU
		{75B9AD37-15C6-4D80-B24A-AAC5AEE05AD6}.Release|Any CPU.ActiveCfg = Release|Any CPU
		{75B9AD37-15C6-4D80-B24A-AAC5AEE05AD6}.Release|Any CPU.Build.0 = Release|Any CPU
		{039EACB8-FEC4-4343-A03D-D235BF6EF998}.Debug|Any CPU.ActiveCfg = Debug|Any CPU
		{039EACB8-FEC4-4343-A03D-D235BF6EF998}.Debug|Any CPU.Build.0 = Debug|Any CPU
		{039EACB8-FEC4-4343-A03D-D235BF6EF998}.Release|Any CPU.ActiveCfg = Release|Any CPU
		{039EACB8-FEC4-4343-A03D-D235BF6EF998}.Release|Any CPU.Build.0 = Release|Any CPU
		{95863109-E819-44D8-AF4A-460ABCA742DB}.Debug|Any CPU.ActiveCfg = Debug|Any CPU
		{95863109-E819-44D8-AF4A-460ABCA742DB}.Debug|Any CPU.Build.0 = Debug|Any CPU
		{95863109-E819-44D8-AF4A-460ABCA742DB}.Release|Any CPU.ActiveCfg = Release|Any CPU
		{95863109-E819-44D8-AF4A-460ABCA742DB}.Release|Any CPU.Build.0 = Release|Any CPU
		{7CBFF209-F24F-4BF4-801A-B5FCEA49BA52}.Debug|Any CPU.ActiveCfg = Debug|Any CPU
		{7CBFF209-F24F-4BF4-801A-B5FCEA49BA52}.Debug|Any CPU.Build.0 = Debug|Any CPU
		{7CBFF209-F24F-4BF4-801A-B5FCEA49BA52}.Release|Any CPU.ActiveCfg = Release|Any CPU
		{7CBFF209-F24F-4BF4-801A-B5FCEA49BA52}.Release|Any CPU.Build.0 = Release|Any CPU
	EndGlobalSection
	GlobalSection(SolutionProperties) = preSolution
		HideSolutionNode = FALSE
	EndGlobalSection
	GlobalSection(ExtensibilityGlobals) = postSolution
		SolutionGuid = {CDFBFC6E-FDA6-4B3F-BFA3-FE484D308923}
	EndGlobalSection
EndGlobal
